Microsoft Visual Studio Solution File, Format Version 12.00
# Visual Studio Version 17
VisualStudioVersion = 17.5.2.0
MinimumVisualStudioVersion = 10.0.40219.1
Project("{FAE04EC0-301F-11D3-BF4B-00C04F79EFBC}") = "Ice_Factory", "Ice_Factory.csproj", "{13FBDD01-8B14-3AA3-452C-608CC41B56FC}"
EndProject
Global
	GlobalSection(SolutionConfigurationPlatforms) = preSolution
		Debug|Any CPU = Debug|Any CPU
		Release|Any CPU = Release|Any CPU
	EndGlobalSection
	GlobalSection(ProjectConfigurationPlatforms) = postSolution
		{13FBDD01-8B14-3AA3-452C-608CC41B56FC}.Debug|Any CPU.ActiveCfg = Debug|Any CPU
		{13FBDD01-8B14-3AA3-452C-608CC41B56FC}.Debug|Any CPU.Build.0 = Debug|Any CPU
		{13FBDD01-8B14-3AA3-452C-608CC41B56FC}.Release|Any CPU.ActiveCfg = Release|Any CPU
		{13FBDD01-8B14-3AA3-452C-608CC41B56FC}.Release|Any CPU.Build.0 = Release|Any CPU
	EndGlobalSection
	GlobalSection(SolutionProperties) = preSolution
		HideSolutionNode = FALSE
	EndGlobalSection
	GlobalSection(ExtensibilityGlobals) = postSolution
		SolutionGuid = {DBBFA130-AA5D-423B-9B51-329F30B1549C}
	EndGlobalSection
EndGlobal
